
Microsoft Visual Studio Solution File, Format Version 12.00
# Visual Studio Version 17
VisualStudioVersion = 17.5.002.0
MinimumVisualStudioVersion = 10.0.40219.1
Project("{9A19103F-16F7-4668-BE54-9A1E7A4F7556}") = "Canvas", "Canvas.csproj", "{D4D6CC71-D6BE-4A40-AD42-6270823519AB}"
EndProject
Global
	GlobalSection(SolutionConfigurationPlatforms) = preSolution
		Debug|Any CPU = Debug|Any CPU
		Release|Any CPU = Release|Any CPU
	EndGlobalSection
	GlobalSection(ProjectConfigurationPlatforms) = postSolution
		{D4D6CC71-D6BE-4A40-AD42-6270823519AB}.Debug|Any CPU.ActiveCfg = Debug|Any CPU
		{D4D6CC71-D6BE-4A40-AD42-6270823519AB}.Debug|Any CPU.Build.0 = Debug|Any CPU
		{D4D6CC71-D6BE-4A40-AD42-6270823519AB}.Release|Any CPU.ActiveCfg = Release|Any CPU
		{D4D6CC71-D6BE-4A40-AD42-6270823519AB}.Release|Any CPU.Build.0 = Release|Any CPU
	EndGlobalSection
	GlobalSection(SolutionProperties) = preSolution
		HideSolutionNode = FALSE
	EndGlobalSection
	GlobalSection(ExtensibilityGlobals) = postSolution
		SolutionGuid = {C24FD22B-A54C-4807-A950-C9EE01E92976}
	EndGlobalSection
EndGlobal
